{
  "version": 4,
  "terraform_version": "1.5.5",
  "serial": 10,
  "lineage": "964d8f10-9188-7681-9fec-b8f757ea9fc6",
  "outputs": {},
  "resources": [
    {
      "mode": "data",
      "type": "vercel_project_directory",
      "name": "project_files",
      "provider": "provider[\"registry.terraform.io/vercel/vercel\"]",
      "instances": [
        {
          "schema_version": 0,
          "attributes": {
            "files": {
              "../README.md": "16~961d5bba88b105cca26afe649e467e6721a2803c",
              "../package-lock.json": "92586~134d9bcf42856cef3e00d06735e83e6094ae7934",
              "../package.json": "358~0aa3264068c2f78d56b565103ab0b1704ff2cb20",
              "../pages/_app.js": "133~e2b5a2cbee546cf84ba98cfc7ed62fe7db8e6ded",
              "../pages/index.js": "2695~5086492b6d120a74ad39f01c74ab4847d93d855f",
              "../postcss.config.js": "82~8860a68bc6ae8745e3db0b6d090129720e5ecc80",
              "../public/bkg.png": "2250195~830d480ba07353a647daf8e7116924178b8494ff",
              "../public/favicon.ico": "15406~bf1a980b3b6be0195e80649cad23019dd5ae3d68",
              "../public/fonts/Roboto-Light.ttf": "167000~18788c5d630fa695f9283f6393bfa541b2031508",
              "../public/fonts/Roboto-Thin.ttf": "168488~58c733e22bceeaf9609ce578eca92ac303c6d92f",
              "../public/vercel.svg": "1101~db6d746eac54db8432e98dcf86cd387331467fb2",
              "../styles/Home.module.css": "1350~b99440234cc17a5077a6e7d5aff966983e4b9fc7",
              "../styles/globals.css": "462~a4641c3f59f4d4846826e816f46a155511865da1",
              "../tailwind.config.js": "330~efb43ac33541b63ff6b64b858652687acc9fa9b6",
              "../terraform/main.tf": "608~0847a2915eb4e1b144505c65f3dab80efa686920",
              "../terraform/providers.tf": "142~7b37d741449e8e9ba5d9214e5b0b4ccc40483a74"
            },
            "id": "../",
            "path": "../"
          },
          "sensitive_attributes": []
        }
      ]
    },
    {
      "mode": "managed",
      "type": "vercel_deployment",
      "name": "deployment",
      "provider": "provider[\"registry.terraform.io/vercel/vercel\"]",
      "instances": [
        {
          "schema_version": 0,
          "attributes": {
            "delete_on_destroy": null,
            "domains": [
              "airdropmc.com",
              "airdropmc.vercel.app",
              "airdropmc-lukemccon.vercel.app"
            ],
            "environment": null,
            "files": {
              "../README.md": "16~961d5bba88b105cca26afe649e467e6721a2803c",
              "../package-lock.json": "92586~134d9bcf42856cef3e00d06735e83e6094ae7934",
              "../package.json": "358~0aa3264068c2f78d56b565103ab0b1704ff2cb20",
              "../pages/_app.js": "133~e2b5a2cbee546cf84ba98cfc7ed62fe7db8e6ded",
              "../pages/index.js": "2695~5086492b6d120a74ad39f01c74ab4847d93d855f",
              "../postcss.config.js": "82~8860a68bc6ae8745e3db0b6d090129720e5ecc80",
              "../public/bkg.png": "2250195~830d480ba07353a647daf8e7116924178b8494ff",
              "../public/favicon.ico": "15406~bf1a980b3b6be0195e80649cad23019dd5ae3d68",
              "../public/fonts/Roboto-Light.ttf": "167000~18788c5d630fa695f9283f6393bfa541b2031508",
              "../public/fonts/Roboto-Thin.ttf": "168488~58c733e22bceeaf9609ce578eca92ac303c6d92f",
              "../public/vercel.svg": "1101~db6d746eac54db8432e98dcf86cd387331467fb2",
              "../styles/Home.module.css": "1350~b99440234cc17a5077a6e7d5aff966983e4b9fc7",
              "../styles/globals.css": "462~a4641c3f59f4d4846826e816f46a155511865da1",
              "../tailwind.config.js": "330~efb43ac33541b63ff6b64b858652687acc9fa9b6",
              "../terraform/main.tf": "608~0847a2915eb4e1b144505c65f3dab80efa686920",
              "../terraform/providers.tf": "142~7b37d741449e8e9ba5d9214e5b0b4ccc40483a74"
            },
            "id": "dpl_3VvP5RoGpVxfKKwxzNWTaLVUZuCh",
            "path_prefix": "../",
            "production": true,
            "project_id": "prj_vTpsPI2Memyl5cLDQcpfLT2zmmAY",
            "project_settings": null,
            "ref": null,
            "team_id": null,
            "url": "airdropmc-msxkhajjj-lukemccon.vercel.app"
          },
          "sensitive_attributes": [],
          "dependencies": [
            "data.vercel_project_directory.project_files",
            "vercel_project.project"
          ]
        }
      ]
    },
    {
      "mode": "managed",
      "type": "vercel_project",
      "name": "project",
      "provider": "provider[\"registry.terraform.io/vercel/vercel\"]",
      "instances": [
        {
          "schema_version": 0,
          "attributes": {
            "build_command": null,
            "dev_command": null,
            "environment": null,
            "framework": "nextjs",
            "git_repository": {
              "production_branch": "main",
              "repo": "LukeMccon/airdropmc.com",
              "type": "github"
            },
            "id": "prj_vTpsPI2Memyl5cLDQcpfLT2zmmAY",
            "ignore_command": null,
            "install_command": null,
            "name": "airdropmc",
            "output_directory": null,
            "password_protection": null,
            "protection_bypass_for_automation": null,
            "protection_bypass_for_automation_secret": null,
            "public_source": null,
            "root_directory": null,
            "serverless_function_region": "iad1",
            "team_id": null,
            "vercel_authentication": null
          },
          "sensitive_attributes": []
        }
      ]
    },
    {
      "mode": "managed",
      "type": "vercel_project_domain",
      "name": "project_domain",
      "provider": "provider[\"registry.terraform.io/vercel/vercel\"]",
      "instances": [
        {
          "schema_version": 0,
          "attributes": {
            "domain": "airdropmc.com",
            "git_branch": null,
            "id": "airdropmc.com",
            "project_id": "prj_vTpsPI2Memyl5cLDQcpfLT2zmmAY",
            "redirect": null,
            "redirect_status_code": null,
            "team_id": null
          },
          "sensitive_attributes": [],
          "dependencies": [
            "vercel_project.project"
          ]
        }
      ]
    }
  ],
  "check_results": null
}
